PODS:
  - Capacitor (5.7.6):
    - CapacitorCordova
  - CapacitorApp (5.0.8):
    - Capacitor
  - CapacitorCordova (5.7.6)
  - CapacitorHaptics (5.0.8):
    - Capacitor
  - CapacitorKeyboard (5.0.9):
    - Capacitor
  - CapacitorStatusBar (5.0.8):
    - Capacitor

DEPENDENCIES:
  - "Capacitor (from `../../node_modules/@capacitor/ios`)"
  - "CapacitorApp (from `../../node_modules/@capacitor/app`)"
  - "CapacitorCordova (from `../../node_modules/@capacitor/ios`)"
  - "CapacitorHaptics (from `../../node_modules/@capacitor/haptics`)"
  - "CapacitorKeyboard (from `../../node_modules/@capacitor/keyboard`)"
  - "CapacitorStatusBar (from `../../node_modules/@capacitor/status-bar`)"

EXTERNAL SOURCES:
  Capacitor:
    :path: "../../node_modules/@capacitor/ios"
  CapacitorApp:
    :path: "../../node_modules/@capacitor/app"
  CapacitorCordova:
    :path: "../../node_modules/@capacitor/ios"
  CapacitorHaptics:
    :path: "../../node_modules/@capacitor/haptics"
  CapacitorKeyboard:
    :path: "../../node_modules/@capacitor/keyboard"
  CapacitorStatusBar:
    :path: "../../node_modules/@capacitor/status-bar"

SPEC CHECKSUMS:
  Capacitor: 6e86d6f68a9348c76b6da7349ab3ee4a9edd3b9a
  CapacitorApp: 102e553c3b1fdc255969c39aa19b529675690ef4
  CapacitorCordova: 46df0372f7768ff20aa659ba1658b5d7315ea42a
  CapacitorHaptics: f59c880aa8fad7f47bb54b48d6f2d6b26279602a
  CapacitorKeyboard: f2e78b60a5cb981b4ea9e511e80693ca355169bb
  CapacitorStatusBar: 51af549cfcf35aac3ab072b062967ae5971ee485

PODFILE CHECKSUM: 481b90c01cf7ba51cc0b3b166926c5af446138fd

COCOAPODS: 1.15.2
